
Microsoft Visual Studio Solution File, Format Version 12.00
# Visual Studio 2013
VisualStudioVersion = 12.0.31101.0
MinimumVisualStudioVersion = 10.0.40219.1
Project("{FAE04EC0-301F-11D3-BF4B-00C04F79EFBC}") = "Eshop.Domain", "Eshop.Domain\Eshop.Domain.csproj", "{BB2A7F85-EBB7-4143-AF9A-E90C48CB5D28}"
EndProject
Project("{2150E333-8FDC-42A3-9474-1A3956D46DE8}") = ".nuget", ".nuget", "{3467BB85-5076-413E-BAB3-CE07B01D0222}"
	ProjectSection(SolutionItems) = preProject
		.nuget\NuGet.Config = .nuget\NuGet.Config
		.nuget\nuget.exe = .nuget\nuget.exe
		.nuget\NuGet.targets = .nuget\NuGet.targets
	EndProjectSection
EndProject
Project("{FAE04EC0-301F-11D3-BF4B-00C04F79EFBC}") = "Eshop.IntegrationTests", "Eshop.IntegrationTests\Eshop.IntegrationTests.csproj", "{ABBAD3A8-4B9B-4795-80E5-7FB9F8DF9A37}"
EndProject
Project("{FAE04EC0-301F-11D3-BF4B-00C04F79EFBC}") = "Eshop.Infrastructure", "Eshop.Infrastructure\Eshop.Infrastructure.csproj", "{06FF8D86-972D-42B5-B21A-3BBB3259AA5C}"
EndProject
Project("{FAE04EC0-301F-11D3-BF4B-00C04F79EFBC}") = "Eshop.DatabaseGenerator", "Eshop.DatabaseGenerator\Eshop.DatabaseGenerator.csproj", "{13E0CA76-313C-49BC-A4A4-AA2C112C9178}"
EndProject
Project("{FAE04EC0-301F-11D3-BF4B-00C04F79EFBC}") = "Eshop.Commands", "Eshop.Commands\Eshop.Commands.csproj", "{7741E7CF-D604-479A-8A88-D44F3945170F}"
EndProject
Project("{FAE04EC0-301F-11D3-BF4B-00C04F79EFBC}") = "Eshop.Queries", "Eshop.Queries\Eshop.Queries.csproj", "{C9DC0C78-6CF7-4F49-A408-82C8495D000F}"
EndProject
Project("{FAE04EC0-301F-11D3-BF4B-00C04F79EFBC}") = "Eshop.Dtos", "Eshop.Dtos\Eshop.Dtos.csproj", "{30936409-FE41-4AFC-BD33-643E428CA05E}"
EndProject
Project("{FAE04EC0-301F-11D3-BF4B-00C04F79EFBC}") = "CoreWebApiClient", "CoreWebApiClient\CoreWebApiClient.csproj", "{55E30B6D-3854-4A50-8820-1D14CC9AE339}"
EndProject
Project("{FAE04EC0-301F-11D3-BF4B-00C04F79EFBC}") = "CoreWebApiClient.Generator", "CoreWebApiClient.Generator\CoreWebApiClient.Generator.csproj", "{55125C74-6B9C-4186-B088-8C4C4258D937}"
EndProject
Project("{FAE04EC0-301F-11D3-BF4B-00C04F79EFBC}") = "Eshop.WpfMvvmApp", "Eshop.WpfMvvmApp\Eshop.WpfMvvmApp.csproj", "{1215BFF9-7ABB-487B-A7D9-3E9533700621}"
EndProject
Project("{FAE04EC0-301F-11D3-BF4B-00C04F79EFBC}") = "CoreMvvm", "CoreMvvm\CoreMvvm.csproj", "{876D3FEF-C834-4AE6-BEF4-5D952801C047}"
EndProject
Project("{FAE04EC0-301F-11D3-BF4B-00C04F79EFBC}") = "CoreWebApiClient.TestControllers", "CoreWebApiClient.TestControllers\CoreWebApiClient.TestControllers.csproj", "{628CADCA-1F35-4F79-9B39-1AFE88E8AADE}"
	ProjectSection(ProjectDependencies) = postProject
		{55125C74-6B9C-4186-B088-8C4C4258D937} = {55125C74-6B9C-4186-B088-8C4C4258D937}
	EndProjectSection
EndProject
Project("{FAE04EC0-301F-11D3-BF4B-00C04F79EFBC}") = "CoreWebApiClient.Tests", "CoreWebApiClient.Tests\CoreWebApiClient.Tests.csproj", "{67CC2AFA-E855-461E-9911-BEE64C253F1A}"
EndProject
Project("{FAE04EC0-301F-11D3-BF4B-00C04F79EFBC}") = "Eshop.Domain.UnitTests", "Eshop.Domain.UnitTests\Eshop.Domain.UnitTests.csproj", "{4E68D143-9F3F-4857-952D-BAD6C5C3F308}"
EndProject
Project("{FAE04EC0-301F-11D3-BF4B-00C04F79EFBC}") = "Eshop.Commands.UnitTests", "Eshop.Commands.UnitTests\Eshop.Commands.UnitTests.csproj", "{F4669610-BF66-4C73-A00F-1AC015B69714}"
EndProject
Project("{2150E333-8FDC-42A3-9474-1A3956D46DE8}") = "Tests", "Tests", "{2DCBE07D-7286-4E3A-BC59-532626A5F063}"
EndProject
Project("{FAE04EC0-301F-11D3-BF4B-00C04F79EFBC}") = "CoreMvvm.UnitTests", "CoreMvvm.UnitTests\CoreMvvm.UnitTests.csproj", "{D8F7DCC6-47CF-4CE1-B4D2-32E33F420A0D}"
EndProject
Project("{FAE04EC0-301F-11D3-BF4B-00C04F79EFBC}") = "CoreWebApi", "CoreWebApi\CoreWebApi.csproj", "{35918F1A-66F0-47E9-8720-2D2399C5A556}"
EndProject
Project("{FAE04EC0-301F-11D3-BF4B-00C04F79EFBC}") = "Eshop.WebApi", "Eshop.WebApi\Eshop.WebApi.csproj", "{94AA1AE8-9B91-4F98-95EE-F00EE1FAB4E9}"
	ProjectSection(ProjectDependencies) = postProject
		{55125C74-6B9C-4186-B088-8C4C4258D937} = {55125C74-6B9C-4186-B088-8C4C4258D937}
	EndProjectSection
EndProject
Project("{FAE04EC0-301F-11D3-BF4B-00C04F79EFBC}") = "Eshop.WebApi.UnitTests", "Eshop.WebApi.UnitTests\Eshop.WebApi.UnitTests.csproj", "{7E33C348-3CB7-489A-AEE7-3B9C1A87F5D4}"
EndProject
Project("{FAE04EC0-301F-11D3-BF4B-00C04F79EFBC}") = "Eshop.WpfMvvmApp.UnitTests", "Eshop.WpfMvvmApp.UnitTests\Eshop.WpfMvvmApp.UnitTests.csproj", "{5C5460DA-7695-4F25-B571-92618A2FE21C}"
EndProject
Project("{FAE04EC0-301F-11D3-BF4B-00C04F79EFBC}") = "Eshop.Tests.Common", "Eshop.Tests.Common\Eshop.Tests.Common.csproj", "{0B122A54-AC42-4BEB-8A61-E7DD26DF0CD7}"
EndProject
Project("{2150E333-8FDC-42A3-9474-1A3956D46DE8}") = "Core", "Core", "{D400E3BF-20C2-40AF-9510-D6E4001C121D}"
EndProject
Project("{FAE04EC0-301F-11D3-BF4B-00C04F79EFBC}") = "Eshop.Domain.NhibernateMapping", "Eshop.Domain.NhibernateMapping\Eshop.Domain.NhibernateMapping.csproj", "{548AB886-06EB-4A24-8191-3630BD1144CA}"
EndProject
Project("{FAE04EC0-301F-11D3-BF4B-00C04F79EFBC}") = "Eshop.Dtos.NhibernateMapping", "Eshop.Dtos.NhibernateMapping\Eshop.Dtos.NhibernateMapping.csproj", "{CA342A84-4BF2-409C-8DF2-FB9C3248BA3A}"
EndProject
Project("{FAE04EC0-301F-11D3-BF4B-00C04F79EFBC}") = "Eshop.WebSocketServerApp", "Eshop.WebSocketServerApp\Eshop.WebSocketServerApp.csproj", "{3C282493-1B60-49E0-A78F-EDA0075B0598}"
EndProject
Project("{FAE04EC0-301F-11D3-BF4B-00C04F79EFBC}") = "Eshop.WebSocketClientApp", "Eshop.WebSocketClientApp\Eshop.WebSocketClientApp.csproj", "{824EF4BF-D5AD-47BE-9D75-2AC65AAEA743}"
EndProject
Project("{FAE04EC0-301F-11D3-BF4B-00C04F79EFBC}") = "CoreBusClient", "CoreBusClient\CoreBusClient.csproj", "{E82B2E7D-A697-4926-8F66-20791C65E180}"
EndProject
Project("{FAE04EC0-301F-11D3-BF4B-00C04F79EFBC}") = "CoreBusServer", "CoreBusServer\CoreBusServer.csproj", "{704A2FF8-9888-4632-81FD-4CF564F12164}"
EndProject
Project("{FAE04EC0-301F-11D3-BF4B-00C04F79EFBC}") = "CoreBusClientApp", "CoreBusClientApp\CoreBusClientApp.csproj", "{543B1887-3BE1-407C-BD8C-03661861DADC}"
EndProject
Project("{FAE04EC0-301F-11D3-BF4B-00C04F79EFBC}") = "CoreBusServerApp", "CoreBusServerApp\CoreBusServerApp.csproj", "{34287A06-A9F0-4F71-A7F2-6709A28CA5CE}"
EndProject
Project("{FAE04EC0-301F-11D3-BF4B-00C04F79EFBC}") = "CoreBusClient.WebSocket4Net", "CoreBusClient.WebSocket4Net\CoreBusClient.WebSocket4Net.csproj", "{5C42D3CA-43CB-48CD-B44A-FBE5E9B13452}"
EndProject
Project("{FAE04EC0-301F-11D3-BF4B-00C04F79EFBC}") = "CoreBusServer.SuperWebSocket", "CoreBusServer.SuperWebSocket\CoreBusServer.SuperWebSocket.csproj", "{7255678A-36DD-4B98-AAF7-E030095D80F1}"
EndProject
Project("{FAE04EC0-301F-11D3-BF4B-00C04F79EFBC}") = "CoreBus.WebSocket.Tests", "CoreBus.WebSocket.Tests\CoreBus.WebSocket.Tests.csproj", "{36899DB2-3881-4699-96CF-DC71DDE2221C}"
EndProject
Project("{2150E333-8FDC-42A3-9474-1A3956D46DE8}") = "TempApps", "TempApps", "{FC51A58B-9F61-41A6-82FE-1FCDF069103A}"
EndProject
Global
	GlobalSection(SolutionConfigurationPlatforms) = preSolution
		Debug|Any CPU = Debug|Any CPU
		Debug|Mixed Platforms = Debug|Mixed Platforms
		Debug|x86 = Debug|x86
		Release|Any CPU = Release|Any CPU
		Release|Mixed Platforms = Release|Mixed Platforms
		Release|x86 = Release|x86
	EndGlobalSection
	GlobalSection(ProjectConfigurationPlatforms) = postSolution
		{BB2A7F85-EBB7-4143-AF9A-E90C48CB5D28}.Debug|Any CPU.ActiveCfg = Debug|Any CPU
		{BB2A7F85-EBB7-4143-AF9A-E90C48CB5D28}.Debug|Any CPU.Build.0 = Debug|Any CPU
		{BB2A7F85-EBB7-4143-AF9A-E90C48CB5D28}.Debug|Mixed Platforms.ActiveCfg = Debug|Any CPU
		{BB2A7F85-EBB7-4143-AF9A-E90C48CB5D28}.Debug|Mixed Platforms.Build.0 = Debug|Any CPU
		{BB2A7F85-EBB7-4143-AF9A-E90C48CB5D28}.Debug|x86.ActiveCfg = Debug|Any CPU
		{BB2A7F85-EBB7-4143-AF9A-E90C48CB5D28}.Release|Any CPU.ActiveCfg = Release|Any CPU
		{BB2A7F85-EBB7-4143-AF9A-E90C48CB5D28}.Release|Any CPU.Build.0 = Release|Any CPU
		{BB2A7F85-EBB7-4143-AF9A-E90C48CB5D28}.Release|Mixed Platforms.ActiveCfg = Release|Any CPU
		{BB2A7F85-EBB7-4143-AF9A-E90C48CB5D28}.Release|Mixed Platforms.Build.0 = Release|Any CPU
		{BB2A7F85-EBB7-4143-AF9A-E90C48CB5D28}.Release|x86.ActiveCfg = Release|Any CPU
		{ABBAD3A8-4B9B-4795-80E5-7FB9F8DF9A37}.Debug|Any CPU.ActiveCfg = Debug|Any CPU
		{ABBAD3A8-4B9B-4795-80E5-7FB9F8DF9A37}.Debug|Any CPU.Build.0 = Debug|Any CPU
		{ABBAD3A8-4B9B-4795-80E5-7FB9F8DF9A37}.Debug|Mixed Platforms.ActiveCfg = Debug|Any CPU
		{ABBAD3A8-4B9B-4795-80E5-7FB9F8DF9A37}.Debug|Mixed Platforms.Build.0 = Debug|Any CPU
		{ABBAD3A8-4B9B-4795-80E5-7FB9F8DF9A37}.Debug|x86.ActiveCfg = Debug|Any CPU
		{ABBAD3A8-4B9B-4795-80E5-7FB9F8DF9A37}.Release|Any CPU.ActiveCfg = Release|Any CPU
		{ABBAD3A8-4B9B-4795-80E5-7FB9F8DF9A37}.Release|Any CPU.Build.0 = Release|Any CPU
		{ABBAD3A8-4B9B-4795-80E5-7FB9F8DF9A37}.Release|Mixed Platforms.ActiveCfg = Release|Any CPU
		{ABBAD3A8-4B9B-4795-80E5-7FB9F8DF9A37}.Release|Mixed Platforms.Build.0 = Release|Any CPU
		{ABBAD3A8-4B9B-4795-80E5-7FB9F8DF9A37}.Release|x86.ActiveCfg = Release|Any CPU
		{06FF8D86-972D-42B5-B21A-3BBB3259AA5C}.Debug|Any CPU.ActiveCfg = Debug|Any CPU
		{06FF8D86-972D-42B5-B21A-3BBB3259AA5C}.Debug|Any CPU.Build.0 = Debug|Any CPU
		{06FF8D86-972D-42B5-B21A-3BBB3259AA5C}.Debug|Mixed Platforms.ActiveCfg = Debug|Any CPU
		{06FF8D86-972D-42B5-B21A-3BBB3259AA5C}.Debug|Mixed Platforms.Build.0 = Debug|Any CPU
		{06FF8D86-972D-42B5-B21A-3BBB3259AA5C}.Debug|x86.ActiveCfg = Debug|Any CPU
		{06FF8D86-972D-42B5-B21A-3BBB3259AA5C}.Release|Any CPU.ActiveCfg = Release|Any CPU
		{06FF8D86-972D-42B5-B21A-3BBB3259AA5C}.Release|Any CPU.Build.0 = Release|Any CPU
		{06FF8D86-972D-42B5-B21A-3BBB3259AA5C}.Release|Mixed Platforms.ActiveCfg = Release|Any CPU
		{06FF8D86-972D-42B5-B21A-3BBB3259AA5C}.Release|Mixed Platforms.Build.0 = Release|Any CPU
		{06FF8D86-972D-42B5-B21A-3BBB3259AA5C}.Release|x86.ActiveCfg = Release|Any CPU
		{13E0CA76-313C-49BC-A4A4-AA2C112C9178}.Debug|Any CPU.ActiveCfg = Debug|x86
		{13E0CA76-313C-49BC-A4A4-AA2C112C9178}.Debug|Mixed Platforms.ActiveCfg = Debug|x86
		{13E0CA76-313C-49BC-A4A4-AA2C112C9178}.Debug|Mixed Platforms.Build.0 = Debug|x86
		{13E0CA76-313C-49BC-A4A4-AA2C112C9178}.Debug|x86.ActiveCfg = Debug|x86
		{13E0CA76-313C-49BC-A4A4-AA2C112C9178}.Debug|x86.Build.0 = Debug|x86
		{13E0CA76-313C-49BC-A4A4-AA2C112C9178}.Release|Any CPU.ActiveCfg = Release|x86
		{13E0CA76-313C-49BC-A4A4-AA2C112C9178}.Release|Mixed Platforms.ActiveCfg = Release|x86
		{13E0CA76-313C-49BC-A4A4-AA2C112C9178}.Release|Mixed Platforms.Build.0 = Release|x86
		{13E0CA76-313C-49BC-A4A4-AA2C112C9178}.Release|x86.ActiveCfg = Release|x86
		{13E0CA76-313C-49BC-A4A4-AA2C112C9178}.Release|x86.Build.0 = Release|x86
		{7741E7CF-D604-479A-8A88-D44F3945170F}.Debug|Any CPU.ActiveCfg = Debug|Any CPU
		{7741E7CF-D604-479A-8A88-D44F3945170F}.Debug|Any CPU.Build.0 = Debug|Any CPU
		{7741E7CF-D604-479A-8A88-D44F3945170F}.Debug|Mixed Platforms.ActiveCfg = Debug|Any CPU
		{7741E7CF-D604-479A-8A88-D44F3945170F}.Debug|Mixed Platforms.Build.0 = Debug|Any CPU
		{7741E7CF-D604-479A-8A88-D44F3945170F}.Debug|x86.ActiveCfg = Debug|Any CPU
		{7741E7CF-D604-479A-8A88-D44F3945170F}.Release|Any CPU.ActiveCfg = Release|Any CPU
		{7741E7CF-D604-479A-8A88-D44F3945170F}.Release|Any CPU.Build.0 = Release|Any CPU
		{7741E7CF-D604-479A-8A88-D44F3945170F}.Release|Mixed Platforms.ActiveCfg = Release|Any CPU
		{7741E7CF-D604-479A-8A88-D44F3945170F}.Release|Mixed Platforms.Build.0 = Release|Any CPU
		{7741E7CF-D604-479A-8A88-D44F3945170F}.Release|x86.ActiveCfg = Release|Any CPU
		{C9DC0C78-6CF7-4F49-A408-82C8495D000F}.Debug|Any CPU.ActiveCfg = Debug|Any CPU
		{C9DC0C78-6CF7-4F49-A408-82C8495D000F}.Debug|Any CPU.Build.0 = Debug|Any CPU
		{C9DC0C78-6CF7-4F49-A408-82C8495D000F}.Debug|Mixed Platforms.ActiveCfg = Debug|Any CPU
		{C9DC0C78-6CF7-4F49-A408-82C8495D000F}.Debug|Mixed Platforms.Build.0 = Debug|Any CPU
		{C9DC0C78-6CF7-4F49-A408-82C8495D000F}.Debug|x86.ActiveCfg = Debug|Any CPU
		{C9DC0C78-6CF7-4F49-A408-82C8495D000F}.Release|Any CPU.ActiveCfg = Release|Any CPU
		{C9DC0C78-6CF7-4F49-A408-82C8495D000F}.Release|Any CPU.Build.0 = Release|Any CPU
		{C9DC0C78-6CF7-4F49-A408-82C8495D000F}.Release|Mixed Platforms.ActiveCfg = Release|Any CPU
		{C9DC0C78-6CF7-4F49-A408-82C8495D000F}.Release|Mixed Platforms.Build.0 = Release|Any CPU
		{C9DC0C78-6CF7-4F49-A408-82C8495D000F}.Release|x86.ActiveCfg = Release|Any CPU
		{30936409-FE41-4AFC-BD33-643E428CA05E}.Debug|Any CPU.ActiveCfg = Debug|Any CPU
		{30936409-FE41-4AFC-BD33-643E428CA05E}.Debug|Any CPU.Build.0 = Debug|Any CPU
		{30936409-FE41-4AFC-BD33-643E428CA05E}.Debug|Mixed Platforms.ActiveCfg = Debug|Any CPU
		{30936409-FE41-4AFC-BD33-643E428CA05E}.Debug|Mixed Platforms.Build.0 = Debug|Any CPU
		{30936409-FE41-4AFC-BD33-643E428CA05E}.Debug|x86.ActiveCfg = Debug|Any CPU
		{30936409-FE41-4AFC-BD33-643E428CA05E}.Release|Any CPU.ActiveCfg = Release|Any CPU
		{30936409-FE41-4AFC-BD33-643E428CA05E}.Release|Any CPU.Build.0 = Release|Any CPU
		{30936409-FE41-4AFC-BD33-643E428CA05E}.Release|Mixed Platforms.ActiveCfg = Release|Any CPU
		{30936409-FE41-4AFC-BD33-643E428CA05E}.Release|Mixed Platforms.Build.0 = Release|Any CPU
		{30936409-FE41-4AFC-BD33-643E428CA05E}.Release|x86.ActiveCfg = Release|Any CPU
		{55E30B6D-3854-4A50-8820-1D14CC9AE339}.Debug|Any CPU.ActiveCfg = Debug|Any CPU
		{55E30B6D-3854-4A50-8820-1D14CC9AE339}.Debug|Any CPU.Build.0 = Debug|Any CPU
		{55E30B6D-3854-4A50-8820-1D14CC9AE339}.Debug|Mixed Platforms.ActiveCfg = Debug|Any CPU
		{55E30B6D-3854-4A50-8820-1D14CC9AE339}.Debug|Mixed Platforms.Build.0 = Debug|Any CPU
		{55E30B6D-3854-4A50-8820-1D14CC9AE339}.Debug|x86.ActiveCfg = Debug|Any CPU
		{55E30B6D-3854-4A50-8820-1D14CC9AE339}.Release|Any CPU.ActiveCfg = Release|Any CPU
		{55E30B6D-3854-4A50-8820-1D14CC9AE339}.Release|Any CPU.Build.0 = Release|Any CPU
		{55E30B6D-3854-4A50-8820-1D14CC9AE339}.Release|Mixed Platforms.ActiveCfg = Release|Any CPU
		{55E30B6D-3854-4A50-8820-1D14CC9AE339}.Release|Mixed Platforms.Build.0 = Release|Any CPU
		{55E30B6D-3854-4A50-8820-1D14CC9AE339}.Release|x86.ActiveCfg = Release|Any CPU
		{55125C74-6B9C-4186-B088-8C4C4258D937}.Debug|Any CPU.ActiveCfg = Debug|Any CPU
		{55125C74-6B9C-4186-B088-8C4C4258D937}.Debug|Any CPU.Build.0 = Debug|Any CPU
		{55125C74-6B9C-4186-B088-8C4C4258D937}.Debug|Mixed Platforms.ActiveCfg = Debug|Any CPU
		{55125C74-6B9C-4186-B088-8C4C4258D937}.Debug|Mixed Platforms.Build.0 = Debug|Any CPU
		{55125C74-6B9C-4186-B088-8C4C4258D937}.Debug|x86.ActiveCfg = Debug|Any CPU
		{55125C74-6B9C-4186-B088-8C4C4258D937}.Release|Any CPU.ActiveCfg = Release|Any CPU
		{55125C74-6B9C-4186-B088-8C4C4258D937}.Release|Any CPU.Build.0 = Release|Any CPU
		{55125C74-6B9C-4186-B088-8C4C4258D937}.Release|Mixed Platforms.ActiveCfg = Release|Any CPU
		{55125C74-6B9C-4186-B088-8C4C4258D937}.Release|Mixed Platforms.Build.0 = Release|Any CPU
		{55125C74-6B9C-4186-B088-8C4C4258D937}.Release|x86.ActiveCfg = Release|Any CPU
		{1215BFF9-7ABB-487B-A7D9-3E9533700621}.Debug|Any CPU.ActiveCfg = Debug|Any CPU
		{1215BFF9-7ABB-487B-A7D9-3E9533700621}.Debug|Any CPU.Build.0 = Debug|Any CPU
		{1215BFF9-7ABB-487B-A7D9-3E9533700621}.Debug|Mixed Platforms.ActiveCfg = Debug|Any CPU
		{1215BFF9-7ABB-487B-A7D9-3E9533700621}.Debug|Mixed Platforms.Build.0 = Debug|Any CPU
		{1215BFF9-7ABB-487B-A7D9-3E9533700621}.Debug|x86.ActiveCfg = Debug|Any CPU
		{1215BFF9-7ABB-487B-A7D9-3E9533700621}.Release|Any CPU.ActiveCfg = Release|Any CPU
		{1215BFF9-7ABB-487B-A7D9-3E9533700621}.Release|Any CPU.Build.0 = Release|Any CPU
		{1215BFF9-7ABB-487B-A7D9-3E9533700621}.Release|Mixed Platforms.ActiveCfg = Release|Any CPU
		{1215BFF9-7ABB-487B-A7D9-3E9533700621}.Release|Mixed Platforms.Build.0 = Release|Any CPU
		{1215BFF9-7ABB-487B-A7D9-3E9533700621}.Release|x86.ActiveCfg = Release|Any CPU
		{876D3FEF-C834-4AE6-BEF4-5D952801C047}.Debug|Any CPU.ActiveCfg = Debug|Any CPU
		{876D3FEF-C834-4AE6-BEF4-5D952801C047}.Debug|Any CPU.Build.0 = Debug|Any CPU
		{876D3FEF-C834-4AE6-BEF4-5D952801C047}.Debug|Mixed Platforms.ActiveCfg = Debug|Any CPU
		{876D3FEF-C834-4AE6-BEF4-5D952801C047}.Debug|Mixed Platforms.Build.0 = Debug|Any CPU
		{876D3FEF-C834-4AE6-BEF4-5D952801C047}.Debug|x86.ActiveCfg = Debug|Any CPU
		{876D3FEF-C834-4AE6-BEF4-5D952801C047}.Release|Any CPU.ActiveCfg = Release|Any CPU
		{876D3FEF-C834-4AE6-BEF4-5D952801C047}.Release|Any CPU.Build.0 = Release|Any CPU
		{876D3FEF-C834-4AE6-BEF4-5D952801C047}.Release|Mixed Platforms.ActiveCfg = Release|Any CPU
		{876D3FEF-C834-4AE6-BEF4-5D952801C047}.Release|Mixed Platforms.Build.0 = Release|Any CPU
		{876D3FEF-C834-4AE6-BEF4-5D952801C047}.Release|x86.ActiveCfg = Release|Any CPU
		{628CADCA-1F35-4F79-9B39-1AFE88E8AADE}.Debug|Any CPU.ActiveCfg = Debug|Any CPU
		{628CADCA-1F35-4F79-9B39-1AFE88E8AADE}.Debug|Any CPU.Build.0 = Debug|Any CPU
		{628CADCA-1F35-4F79-9B39-1AFE88E8AADE}.Debug|Mixed Platforms.ActiveCfg = Debug|Any CPU
		{628CADCA-1F35-4F79-9B39-1AFE88E8AADE}.Debug|Mixed Platforms.Build.0 = Debug|Any CPU
		{628CADCA-1F35-4F79-9B39-1AFE88E8AADE}.Debug|x86.ActiveCfg = Debug|Any CPU
		{628CADCA-1F35-4F79-9B39-1AFE88E8AADE}.Release|Any CPU.ActiveCfg = Release|Any CPU
		{628CADCA-1F35-4F79-9B39-1AFE88E8AADE}.Release|Any CPU.Build.0 = Release|Any CPU
		{628CADCA-1F35-4F79-9B39-1AFE88E8AADE}.Release|Mixed Platforms.ActiveCfg = Release|Any CPU
		{628CADCA-1F35-4F79-9B39-1AFE88E8AADE}.Release|Mixed Platforms.Build.0 = Release|Any CPU
		{628CADCA-1F35-4F79-9B39-1AFE88E8AADE}.Release|x86.ActiveCfg = Release|Any CPU
		{67CC2AFA-E855-461E-9911-BEE64C253F1A}.Debug|Any CPU.ActiveCfg = Debug|Any CPU
		{67CC2AFA-E855-461E-9911-BEE64C253F1A}.Debug|Any CPU.Build.0 = Debug|Any CPU
		{67CC2AFA-E855-461E-9911-BEE64C253F1A}.Debug|Mixed Platforms.ActiveCfg = Debug|Any CPU
		{67CC2AFA-E855-461E-9911-BEE64C253F1A}.Debug|Mixed Platforms.Build.0 = Debug|Any CPU
		{67CC2AFA-E855-461E-9911-BEE64C253F1A}.Debug|x86.ActiveCfg = Debug|Any CPU
		{67CC2AFA-E855-461E-9911-BEE64C253F1A}.Release|Any CPU.ActiveCfg = Release|Any CPU
		{67CC2AFA-E855-461E-9911-BEE64C253F1A}.Release|Any CPU.Build.0 = Release|Any CPU
		{67CC2AFA-E855-461E-9911-BEE64C253F1A}.Release|Mixed Platforms.ActiveCfg = Release|Any CPU
		{67CC2AFA-E855-461E-9911-BEE64C253F1A}.Release|Mixed Platforms.Build.0 = Release|Any CPU
		{67CC2AFA-E855-461E-9911-BEE64C253F1A}.Release|x86.ActiveCfg = Release|Any CPU
		{4E68D143-9F3F-4857-952D-BAD6C5C3F308}.Debug|Any CPU.ActiveCfg = Debug|Any CPU
		{4E68D143-9F3F-4857-952D-BAD6C5C3F308}.Debug|Any CPU.Build.0 = Debug|Any CPU
		{4E68D143-9F3F-4857-952D-BAD6C5C3F308}.Debug|Mixed Platforms.ActiveCfg = Debug|Any CPU
		{4E68D143-9F3F-4857-952D-BAD6C5C3F308}.Debug|Mixed Platforms.Build.0 = Debug|Any CPU
		{4E68D143-9F3F-4857-952D-BAD6C5C3F308}.Debug|x86.ActiveCfg = Debug|Any CPU
		{4E68D143-9F3F-4857-952D-BAD6C5C3F308}.Release|Any CPU.ActiveCfg = Release|Any CPU
		{4E68D143-9F3F-4857-952D-BAD6C5C3F308}.Release|Any CPU.Build.0 = Release|Any CPU
		{4E68D143-9F3F-4857-952D-BAD6C5C3F308}.Release|Mixed Platforms.ActiveCfg = Release|Any CPU
		{4E68D143-9F3F-4857-952D-BAD6C5C3F308}.Release|Mixed Platforms.Build.0 = Release|Any CPU
		{4E68D143-9F3F-4857-952D-BAD6C5C3F308}.Release|x86.ActiveCfg = Release|Any CPU
		{F4669610-BF66-4C73-A00F-1AC015B69714}.Debug|Any CPU.ActiveCfg = Debug|Any CPU
		{F4669610-BF66-4C73-A00F-1AC015B69714}.Debug|Any CPU.Build.0 = Debug|Any CPU
		{F4669610-BF66-4C73-A00F-1AC015B69714}.Debug|Mixed Platforms.ActiveCfg = Debug|Any CPU
		{F4669610-BF66-4C73-A00F-1AC015B69714}.Debug|Mixed Platforms.Build.0 = Debug|Any CPU
		{F4669610-BF66-4C73-A00F-1AC015B69714}.Debug|x86.ActiveCfg = Debug|Any CPU
		{F4669610-BF66-4C73-A00F-1AC015B69714}.Release|Any CPU.ActiveCfg = Release|Any CPU
		{F4669610-BF66-4C73-A00F-1AC015B69714}.Release|Any CPU.Build.0 = Release|Any CPU
		{F4669610-BF66-4C73-A00F-1AC015B69714}.Release|Mixed Platforms.ActiveCfg = Release|Any CPU
		{F4669610-BF66-4C73-A00F-1AC015B69714}.Release|Mixed Platforms.Build.0 = Release|Any CPU
		{F4669610-BF66-4C73-A00F-1AC015B69714}.Release|x86.ActiveCfg = Release|Any CPU
		{D8F7DCC6-47CF-4CE1-B4D2-32E33F420A0D}.Debug|Any CPU.ActiveCfg = Debug|Any CPU
		{D8F7DCC6-47CF-4CE1-B4D2-32E33F420A0D}.Debug|Any CPU.Build.0 = Debug|Any CPU
		{D8F7DCC6-47CF-4CE1-B4D2-32E33F420A0D}.Debug|Mixed Platforms.ActiveCfg = Debug|Any CPU
		{D8F7DCC6-47CF-4CE1-B4D2-32E33F420A0D}.Debug|Mixed Platforms.Build.0 = Debug|Any CPU
		{D8F7DCC6-47CF-4CE1-B4D2-32E33F420A0D}.Debug|x86.ActiveCfg = Debug|Any CPU
		{D8F7DCC6-47CF-4CE1-B4D2-32E33F420A0D}.Release|Any CPU.ActiveCfg = Release|Any CPU
		{D8F7DCC6-47CF-4CE1-B4D2-32E33F420A0D}.Release|Any CPU.Build.0 = Release|Any CPU
		{D8F7DCC6-47CF-4CE1-B4D2-32E33F420A0D}.Release|Mixed Platforms.ActiveCfg = Release|Any CPU
		{D8F7DCC6-47CF-4CE1-B4D2-32E33F420A0D}.Release|Mixed Platforms.Build.0 = Release|Any CPU
		{D8F7DCC6-47CF-4CE1-B4D2-32E33F420A0D}.Release|x86.ActiveCfg = Release|Any CPU
		{35918F1A-66F0-47E9-8720-2D2399C5A556}.Debug|Any CPU.ActiveCfg = Debug|Any CPU
		{35918F1A-66F0-47E9-8720-2D2399C5A556}.Debug|Any CPU.Build.0 = Debug|Any CPU
		{35918F1A-66F0-47E9-8720-2D2399C5A556}.Debug|Mixed Platforms.ActiveCfg = Debug|Any CPU
		{35918F1A-66F0-47E9-8720-2D2399C5A556}.Debug|Mixed Platforms.Build.0 = Debug|Any CPU
		{35918F1A-66F0-47E9-8720-2D2399C5A556}.Debug|x86.ActiveCfg = Debug|Any CPU
		{35918F1A-66F0-47E9-8720-2D2399C5A556}.Release|Any CPU.ActiveCfg = Release|Any CPU
		{35918F1A-66F0-47E9-8720-2D2399C5A556}.Release|Any CPU.Build.0 = Release|Any CPU
		{35918F1A-66F0-47E9-8720-2D2399C5A556}.Release|Mixed Platforms.ActiveCfg = Release|Any CPU
		{35918F1A-66F0-47E9-8720-2D2399C5A556}.Release|Mixed Platforms.Build.0 = Release|Any CPU
		{35918F1A-66F0-47E9-8720-2D2399C5A556}.Release|x86.ActiveCfg = Release|Any CPU
		{94AA1AE8-9B91-4F98-95EE-F00EE1FAB4E9}.Debug|Any CPU.ActiveCfg = Debug|Any CPU
		{94AA1AE8-9B91-4F98-95EE-F00EE1FAB4E9}.Debug|Any CPU.Build.0 = Debug|Any CPU
		{94AA1AE8-9B91-4F98-95EE-F00EE1FAB4E9}.Debug|Mixed Platforms.ActiveCfg = Debug|Any CPU
		{94AA1AE8-9B91-4F98-95EE-F00EE1FAB4E9}.Debug|Mixed Platforms.Build.0 = Debug|Any CPU
		{94AA1AE8-9B91-4F98-95EE-F00EE1FAB4E9}.Debug|x86.ActiveCfg = Debug|Any CPU
		{94AA1AE8-9B91-4F98-95EE-F00EE1FAB4E9}.Release|Any CPU.ActiveCfg = Release|Any CPU
		{94AA1AE8-9B91-4F98-95EE-F00EE1FAB4E9}.Release|Any CPU.Build.0 = Release|Any CPU
		{94AA1AE8-9B91-4F98-95EE-F00EE1FAB4E9}.Release|Mixed Platforms.ActiveCfg = Release|Any CPU
		{94AA1AE8-9B91-4F98-95EE-F00EE1FAB4E9}.Release|Mixed Platforms.Build.0 = Release|Any CPU
		{94AA1AE8-9B91-4F98-95EE-F00EE1FAB4E9}.Release|x86.ActiveCfg = Release|Any CPU
		{7E33C348-3CB7-489A-AEE7-3B9C1A87F5D4}.Debug|Any CPU.ActiveCfg = Debug|Any CPU
		{7E33C348-3CB7-489A-AEE7-3B9C1A87F5D4}.Debug|Any CPU.Build.0 = Debug|Any CPU
		{7E33C348-3CB7-489A-AEE7-3B9C1A87F5D4}.Debug|Mixed Platforms.ActiveCfg = Debug|Any CPU
		{7E33C348-3CB7-489A-AEE7-3B9C1A87F5D4}.Debug|Mixed Platforms.Build.0 = Debug|Any CPU
		{7E33C348-3CB7-489A-AEE7-3B9C1A87F5D4}.Debug|x86.ActiveCfg = Debug|Any CPU
		{7E33C348-3CB7-489A-AEE7-3B9C1A87F5D4}.Release|Any CPU.ActiveCfg = Release|Any CPU
		{7E33C348-3CB7-489A-AEE7-3B9C1A87F5D4}.Release|Any CPU.Build.0 = Release|Any CPU
		{7E33C348-3CB7-489A-AEE7-3B9C1A87F5D4}.Release|Mixed Platforms.ActiveCfg = Release|Any CPU
		{7E33C348-3CB7-489A-AEE7-3B9C1A87F5D4}.Release|Mixed Platforms.Build.0 = Release|Any CPU
		{7E33C348-3CB7-489A-AEE7-3B9C1A87F5D4}.Release|x86.ActiveCfg = Release|Any CPU
		{5C5460DA-7695-4F25-B571-92618A2FE21C}.Debug|Any CPU.ActiveCfg = Debug|Any CPU
		{5C5460DA-7695-4F25-B571-92618A2FE21C}.Debug|Any CPU.Build.0 = Debug|Any CPU
		{5C5460DA-7695-4F25-B571-92618A2FE21C}.Debug|Mixed Platforms.ActiveCfg = Debug|Any CPU
		{5C5460DA-7695-4F25-B571-92618A2FE21C}.Debug|Mixed Platforms.Build.0 = Debug|Any CPU
		{5C5460DA-7695-4F25-B571-92618A2FE21C}.Debug|x86.ActiveCfg = Debug|Any CPU
		{5C5460DA-7695-4F25-B571-92618A2FE21C}.Release|Any CPU.ActiveCfg = Release|Any CPU
		{5C5460DA-7695-4F25-B571-92618A2FE21C}.Release|Any CPU.Build.0 = Release|Any CPU
		{5C5460DA-7695-4F25-B571-92618A2FE21C}.Release|Mixed Platforms.ActiveCfg = Release|Any CPU
		{5C5460DA-7695-4F25-B571-92618A2FE21C}.Release|Mixed Platforms.Build.0 = Release|Any CPU
		{5C5460DA-7695-4F25-B571-92618A2FE21C}.Release|x86.ActiveCfg = Release|Any CPU
		{0B122A54-AC42-4BEB-8A61-E7DD26DF0CD7}.Debug|Any CPU.ActiveCfg = Debug|Any CPU
		{0B122A54-AC42-4BEB-8A61-E7DD26DF0CD7}.Debug|Any CPU.Build.0 = Debug|Any CPU
		{0B122A54-AC42-4BEB-8A61-E7DD26DF0CD7}.Debug|Mixed Platforms.ActiveCfg = Debug|Any CPU
		{0B122A54-AC42-4BEB-8A61-E7DD26DF0CD7}.Debug|Mixed Platforms.Build.0 = Debug|Any CPU
		{0B122A54-AC42-4BEB-8A61-E7DD26DF0CD7}.Debug|x86.ActiveCfg = Debug|Any CPU
		{0B122A54-AC42-4BEB-8A61-E7DD26DF0CD7}.Release|Any CPU.ActiveCfg = Release|Any CPU
		{0B122A54-AC42-4BEB-8A61-E7DD26DF0CD7}.Release|Any CPU.Build.0 = Release|Any CPU
		{0B122A54-AC42-4BEB-8A61-E7DD26DF0CD7}.Release|Mixed Platforms.ActiveCfg = Release|Any CPU
		{0B122A54-AC42-4BEB-8A61-E7DD26DF0CD7}.Release|Mixed Platforms.Build.0 = Release|Any CPU
		{0B122A54-AC42-4BEB-8A61-E7DD26DF0CD7}.Release|x86.ActiveCfg = Release|Any CPU
		{548AB886-06EB-4A24-8191-3630BD1144CA}.Debug|Any CPU.ActiveCfg = Debug|Any CPU
		{548AB886-06EB-4A24-8191-3630BD1144CA}.Debug|Any CPU.Build.0 = Debug|Any CPU
		{548AB886-06EB-4A24-8191-3630BD1144CA}.Debug|Mixed Platforms.ActiveCfg = Debug|Any CPU
		{548AB886-06EB-4A24-8191-3630BD1144CA}.Debug|Mixed Platforms.Build.0 = Debug|Any CPU
		{548AB886-06EB-4A24-8191-3630BD1144CA}.Debug|x86.ActiveCfg = Debug|Any CPU
		{548AB886-06EB-4A24-8191-3630BD1144CA}.Release|Any CPU.ActiveCfg = Release|Any CPU
		{548AB886-06EB-4A24-8191-3630BD1144CA}.Release|Any CPU.Build.0 = Release|Any CPU
		{548AB886-06EB-4A24-8191-3630BD1144CA}.Release|Mixed Platforms.ActiveCfg = Release|Any CPU
		{548AB886-06EB-4A24-8191-3630BD1144CA}.Release|Mixed Platforms.Build.0 = Release|Any CPU
		{548AB886-06EB-4A24-8191-3630BD1144CA}.Release|x86.ActiveCfg = Release|Any CPU
		{CA342A84-4BF2-409C-8DF2-FB9C3248BA3A}.Debug|Any CPU.ActiveCfg = Debug|Any CPU
		{CA342A84-4BF2-409C-8DF2-FB9C3248BA3A}.Debug|Any CPU.Build.0 = Debug|Any CPU
		{CA342A84-4BF2-409C-8DF2-FB9C3248BA3A}.Debug|Mixed Platforms.ActiveCfg = Debug|Any CPU
		{CA342A84-4BF2-409C-8DF2-FB9C3248BA3A}.Debug|Mixed Platforms.Build.0 = Debug|Any CPU
		{CA342A84-4BF2-409C-8DF2-FB9C3248BA3A}.Debug|x86.ActiveCfg = Debug|Any CPU
		{CA342A84-4BF2-409C-8DF2-FB9C3248BA3A}.Release|Any CPU.ActiveCfg = Release|Any CPU
		{CA342A84-4BF2-409C-8DF2-FB9C3248BA3A}.Release|Any CPU.Build.0 = Release|Any CPU
		{CA342A84-4BF2-409C-8DF2-FB9C3248BA3A}.Release|Mixed Platforms.ActiveCfg = Release|Any CPU
		{CA342A84-4BF2-409C-8DF2-FB9C3248BA3A}.Release|Mixed Platforms.Build.0 = Release|Any CPU
		{CA342A84-4BF2-409C-8DF2-FB9C3248BA3A}.Release|x86.ActiveCfg = Release|Any CPU
		{3C282493-1B60-49E0-A78F-EDA0075B0598}.Debug|Any CPU.ActiveCfg = Debug|Any CPU
		{3C282493-1B60-49E0-A78F-EDA0075B0598}.Debug|Any CPU.Build.0 = Debug|Any CPU
		{3C282493-1B60-49E0-A78F-EDA0075B0598}.Debug|Mixed Platforms.ActiveCfg = Debug|Any CPU
		{3C282493-1B60-49E0-A78F-EDA0075B0598}.Debug|Mixed Platforms.Build.0 = Debug|Any CPU
		{3C282493-1B60-49E0-A78F-EDA0075B0598}.Debug|x86.ActiveCfg = Debug|Any CPU
		{3C282493-1B60-49E0-A78F-EDA0075B0598}.Release|Any CPU.ActiveCfg = Release|Any CPU
		{3C282493-1B60-49E0-A78F-EDA0075B0598}.Release|Any CPU.Build.0 = Release|Any CPU
		{3C282493-1B60-49E0-A78F-EDA0075B0598}.Release|Mixed Platforms.ActiveCfg = Release|Any CPU
		{3C282493-1B60-49E0-A78F-EDA0075B0598}.Release|Mixed Platforms.Build.0 = Release|Any CPU
		{3C282493-1B60-49E0-A78F-EDA0075B0598}.Release|x86.ActiveCfg = Release|Any CPU
		{824EF4BF-D5AD-47BE-9D75-2AC65AAEA743}.Debug|Any CPU.ActiveCfg = Debug|Any CPU
		{824EF4BF-D5AD-47BE-9D75-2AC65AAEA743}.Debug|Any CPU.Build.0 = Debug|Any CPU
		{824EF4BF-D5AD-47BE-9D75-2AC65AAEA743}.Debug|Mixed Platforms.ActiveCfg = Debug|Any CPU
		{824EF4BF-D5AD-47BE-9D75-2AC65AAEA743}.Debug|Mixed Platforms.Build.0 = Debug|Any CPU
		{824EF4BF-D5AD-47BE-9D75-2AC65AAEA743}.Debug|x86.ActiveCfg = Debug|Any CPU
		{824EF4BF-D5AD-47BE-9D75-2AC65AAEA743}.Release|Any CPU.ActiveCfg = Release|Any CPU
		{824EF4BF-D5AD-47BE-9D75-2AC65AAEA743}.Release|Any CPU.Build.0 = Release|Any CPU
		{824EF4BF-D5AD-47BE-9D75-2AC65AAEA743}.Release|Mixed Platforms.ActiveCfg = Release|Any CPU
		{824EF4BF-D5AD-47BE-9D75-2AC65AAEA743}.Release|Mixed Platforms.Build.0 = Release|Any CPU
		{824EF4BF-D5AD-47BE-9D75-2AC65AAEA743}.Release|x86.ActiveCfg = Release|Any CPU
		{E82B2E7D-A697-4926-8F66-20791C65E180}.Debug|Any CPU.ActiveCfg = Debug|Any CPU
		{E82B2E7D-A697-4926-8F66-20791C65E180}.Debug|Any CPU.Build.0 = Debug|Any CPU
		{E82B2E7D-A697-4926-8F66-20791C65E180}.Debug|Mixed Platforms.ActiveCfg = Debug|Any CPU
		{E82B2E7D-A697-4926-8F66-20791C65E180}.Debug|Mixed Platforms.Build.0 = Debug|Any CPU
		{E82B2E7D-A697-4926-8F66-20791C65E180}.Debug|x86.ActiveCfg = Debug|Any CPU
		{E82B2E7D-A697-4926-8F66-20791C65E180}.Release|Any CPU.ActiveCfg = Release|Any CPU
		{E82B2E7D-A697-4926-8F66-20791C65E180}.Release|Any CPU.Build.0 = Release|Any CPU
		{E82B2E7D-A697-4926-8F66-20791C65E180}.Release|Mixed Platforms.ActiveCfg = Release|Any CPU
		{E82B2E7D-A697-4926-8F66-20791C65E180}.Release|Mixed Platforms.Build.0 = Release|Any CPU
		{E82B2E7D-A697-4926-8F66-20791C65E180}.Release|x86.ActiveCfg = Release|Any CPU
		{704A2FF8-9888-4632-81FD-4CF564F12164}.Debug|Any CPU.ActiveCfg = Debug|Any CPU
		{704A2FF8-9888-4632-81FD-4CF564F12164}.Debug|Any CPU.Build.0 = Debug|Any CPU
		{704A2FF8-9888-4632-81FD-4CF564F12164}.Debug|Mixed Platforms.ActiveCfg = Debug|Any CPU
		{704A2FF8-9888-4632-81FD-4CF564F12164}.Debug|Mixed Platforms.Build.0 = Debug|Any CPU
		{704A2FF8-9888-4632-81FD-4CF564F12164}.Debug|x86.ActiveCfg = Debug|Any CPU
		{704A2FF8-9888-4632-81FD-4CF564F12164}.Release|Any CPU.ActiveCfg = Release|Any CPU
		{704A2FF8-9888-4632-81FD-4CF564F12164}.Release|Any CPU.Build.0 = Release|Any CPU
		{704A2FF8-9888-4632-81FD-4CF564F12164}.Release|Mixed Platforms.ActiveCfg = Release|Any CPU
		{704A2FF8-9888-4632-81FD-4CF564F12164}.Release|Mixed Platforms.Build.0 = Release|Any CPU
		{704A2FF8-9888-4632-81FD-4CF564F12164}.Release|x86.ActiveCfg = Release|Any CPU
		{543B1887-3BE1-407C-BD8C-03661861DADC}.Debug|Any CPU.ActiveCfg = Debug|Any CPU
		{543B1887-3BE1-407C-BD8C-03661861DADC}.Debug|Any CPU.Build.0 = Debug|Any CPU
		{543B1887-3BE1-407C-BD8C-03661861DADC}.Debug|Mixed Platforms.ActiveCfg = Debug|Any CPU
		{543B1887-3BE1-407C-BD8C-03661861DADC}.Debug|Mixed Platforms.Build.0 = Debug|Any CPU
		{543B1887-3BE1-407C-BD8C-03661861DADC}.Debug|x86.ActiveCfg = Debug|Any CPU
		{543B1887-3BE1-407C-BD8C-03661861DADC}.Release|Any CPU.ActiveCfg = Release|Any CPU
		{543B1887-3BE1-407C-BD8C-03661861DADC}.Release|Any CPU.Build.0 = Release|Any CPU
		{543B1887-3BE1-407C-BD8C-03661861DADC}.Release|Mixed Platforms.ActiveCfg = Release|Any CPU
		{543B1887-3BE1-407C-BD8C-03661861DADC}.Release|Mixed Platforms.Build.0 = Release|Any CPU
		{543B1887-3BE1-407C-BD8C-03661861DADC}.Release|x86.ActiveCfg = Release|Any CPU
		{34287A06-A9F0-4F71-A7F2-6709A28CA5CE}.Debug|Any CPU.ActiveCfg = Debug|Any CPU
		{34287A06-A9F0-4F71-A7F2-6709A28CA5CE}.Debug|Any CPU.Build.0 = Debug|Any CPU
		{34287A06-A9F0-4F71-A7F2-6709A28CA5CE}.Debug|Mixed Platforms.ActiveCfg = Debug|Any CPU
		{34287A06-A9F0-4F71-A7F2-6709A28CA5CE}.Debug|Mixed Platforms.Build.0 = Debug|Any CPU
		{34287A06-A9F0-4F71-A7F2-6709A28CA5CE}.Debug|x86.ActiveCfg = Debug|Any CPU
		{34287A06-A9F0-4F71-A7F2-6709A28CA5CE}.Release|Any CPU.ActiveCfg = Release|Any CPU
		{34287A06-A9F0-4F71-A7F2-6709A28CA5CE}.Release|Any CPU.Build.0 = Release|Any CPU
		{34287A06-A9F0-4F71-A7F2-6709A28CA5CE}.Release|Mixed Platforms.ActiveCfg = Release|Any CPU
		{34287A06-A9F0-4F71-A7F2-6709A28CA5CE}.Release|Mixed Platforms.Build.0 = Release|Any CPU
		{34287A06-A9F0-4F71-A7F2-6709A28CA5CE}.Release|x86.ActiveCfg = Release|Any CPU
		{5C42D3CA-43CB-48CD-B44A-FBE5E9B13452}.Debug|Any CPU.ActiveCfg = Debug|Any CPU
		{5C42D3CA-43CB-48CD-B44A-FBE5E9B13452}.Debug|Any CPU.Build.0 = Debug|Any CPU
		{5C42D3CA-43CB-48CD-B44A-FBE5E9B13452}.Debug|Mixed Platforms.ActiveCfg = Debug|Any CPU
		{5C42D3CA-43CB-48CD-B44A-FBE5E9B13452}.Debug|Mixed Platforms.Build.0 = Debug|Any CPU
		{5C42D3CA-43CB-48CD-B44A-FBE5E9B13452}.Debug|x86.ActiveCfg = Debug|Any CPU
		{5C42D3CA-43CB-48CD-B44A-FBE5E9B13452}.Release|Any CPU.ActiveCfg = Release|Any CPU
		{5C42D3CA-43CB-48CD-B44A-FBE5E9B13452}.Release|Any CPU.Build.0 = Release|Any CPU
		{5C42D3CA-43CB-48CD-B44A-FBE5E9B13452}.Release|Mixed Platforms.ActiveCfg = Release|Any CPU
		{5C42D3CA-43CB-48CD-B44A-FBE5E9B13452}.Release|Mixed Platforms.Build.0 = Release|Any CPU
		{5C42D3CA-43CB-48CD-B44A-FBE5E9B13452}.Release|x86.ActiveCfg = Release|Any CPU
		{7255678A-36DD-4B98-AAF7-E030095D80F1}.Debug|Any CPU.ActiveCfg = Debug|Any CPU
		{7255678A-36DD-4B98-AAF7-E030095D80F1}.Debug|Any CPU.Build.0 = Debug|Any CPU
		{7255678A-36DD-4B98-AAF7-E030095D80F1}.Debug|Mixed Platforms.ActiveCfg = Debug|Any CPU
		{7255678A-36DD-4B98-AAF7-E030095D80F1}.Debug|Mixed Platforms.Build.0 = Debug|Any CPU
		{7255678A-36DD-4B98-AAF7-E030095D80F1}.Debug|x86.ActiveCfg = Debug|Any CPU
		{7255678A-36DD-4B98-AAF7-E030095D80F1}.Release|Any CPU.ActiveCfg = Release|Any CPU
		{7255678A-36DD-4B98-AAF7-E030095D80F1}.Release|Any CPU.Build.0 = Release|Any CPU
		{7255678A-36DD-4B98-AAF7-E030095D80F1}.Release|Mixed Platforms.ActiveCfg = Release|Any CPU
		{7255678A-36DD-4B98-AAF7-E030095D80F1}.Release|Mixed Platforms.Build.0 = Release|Any CPU
		{7255678A-36DD-4B98-AAF7-E030095D80F1}.Release|x86.ActiveCfg = Release|Any CPU
		{36899DB2-3881-4699-96CF-DC71DDE2221C}.Debug|Any CPU.ActiveCfg = Debug|Any CPU
		{36899DB2-3881-4699-96CF-DC71DDE2221C}.Debug|Any CPU.Build.0 = Debug|Any CPU
		{36899DB2-3881-4699-96CF-DC71DDE2221C}.Debug|Mixed Platforms.ActiveCfg = Debug|Any CPU
		{36899DB2-3881-4699-96CF-DC71DDE2221C}.Debug|Mixed Platforms.Build.0 = Debug|Any CPU
		{36899DB2-3881-4699-96CF-DC71DDE2221C}.Debug|x86.ActiveCfg = Debug|Any CPU
		{36899DB2-3881-4699-96CF-DC71DDE2221C}.Release|Any CPU.ActiveCfg = Release|Any CPU
		{36899DB2-3881-4699-96CF-DC71DDE2221C}.Release|Any CPU.Build.0 = Release|Any CPU
		{36899DB2-3881-4699-96CF-DC71DDE2221C}.Release|Mixed Platforms.ActiveCfg = Release|Any CPU
		{36899DB2-3881-4699-96CF-DC71DDE2221C}.Release|Mixed Platforms.Build.0 = Release|Any CPU
		{36899DB2-3881-4699-96CF-DC71DDE2221C}.Release|x86.ActiveCfg = Release|Any CPU
	EndGlobalSection
	GlobalSection(SolutionProperties) = preSolution
		HideSolutionNode = FALSE
	EndGlobalSection
	GlobalSection(NestedProjects) = preSolution
		{ABBAD3A8-4B9B-4795-80E5-7FB9F8DF9A37} = {2DCBE07D-7286-4E3A-BC59-532626A5F063}
		{55E30B6D-3854-4A50-8820-1D14CC9AE339} = {D400E3BF-20C2-40AF-9510-D6E4001C121D}
		{55125C74-6B9C-4186-B088-8C4C4258D937} = {D400E3BF-20C2-40AF-9510-D6E4001C121D}
		{876D3FEF-C834-4AE6-BEF4-5D952801C047} = {D400E3BF-20C2-40AF-9510-D6E4001C121D}
		{628CADCA-1F35-4F79-9B39-1AFE88E8AADE} = {2DCBE07D-7286-4E3A-BC59-532626A5F063}
		{67CC2AFA-E855-461E-9911-BEE64C253F1A} = {2DCBE07D-7286-4E3A-BC59-532626A5F063}
		{4E68D143-9F3F-4857-952D-BAD6C5C3F308} = {2DCBE07D-7286-4E3A-BC59-532626A5F063}
		{F4669610-BF66-4C73-A00F-1AC015B69714} = {2DCBE07D-7286-4E3A-BC59-532626A5F063}
		{D8F7DCC6-47CF-4CE1-B4D2-32E33F420A0D} = {2DCBE07D-7286-4E3A-BC59-532626A5F063}
		{35918F1A-66F0-47E9-8720-2D2399C5A556} = {D400E3BF-20C2-40AF-9510-D6E4001C121D}
		{7E33C348-3CB7-489A-AEE7-3B9C1A87F5D4} = {2DCBE07D-7286-4E3A-BC59-532626A5F063}
		{5C5460DA-7695-4F25-B571-92618A2FE21C} = {2DCBE07D-7286-4E3A-BC59-532626A5F063}
		{0B122A54-AC42-4BEB-8A61-E7DD26DF0CD7} = {2DCBE07D-7286-4E3A-BC59-532626A5F063}
		{3C282493-1B60-49E0-A78F-EDA0075B0598} = {FC51A58B-9F61-41A6-82FE-1FCDF069103A}
		{824EF4BF-D5AD-47BE-9D75-2AC65AAEA743} = {FC51A58B-9F61-41A6-82FE-1FCDF069103A}
		{E82B2E7D-A697-4926-8F66-20791C65E180} = {D400E3BF-20C2-40AF-9510-D6E4001C121D}
		{704A2FF8-9888-4632-81FD-4CF564F12164} = {D400E3BF-20C2-40AF-9510-D6E4001C121D}
		{543B1887-3BE1-407C-BD8C-03661861DADC} = {FC51A58B-9F61-41A6-82FE-1FCDF069103A}
		{34287A06-A9F0-4F71-A7F2-6709A28CA5CE} = {FC51A58B-9F61-41A6-82FE-1FCDF069103A}
		{5C42D3CA-43CB-48CD-B44A-FBE5E9B13452} = {D400E3BF-20C2-40AF-9510-D6E4001C121D}
		{7255678A-36DD-4B98-AAF7-E030095D80F1} = {D400E3BF-20C2-40AF-9510-D6E4001C121D}
		{36899DB2-3881-4699-96CF-DC71DDE2221C} = {2DCBE07D-7286-4E3A-BC59-532626A5F063}
	EndGlobalSection
EndGlobal
