
 Microsoft Visual Studio Solution File, Format Version 11.00
# Visual Studio 2010
Project("{FAE04EC0-301F-11D3-BF4B-00C04F79EFBC}") = "Eshop.Domain", "Eshop.Domain\Eshop.Domain.csproj", "{BB2A7F85-EBB7-4143-AF9A-E90C48CB5D28}"
EndProject
Project("{2150E333-8FDC-42A3-9474-1A3956D46DE8}") = ".nuget", ".nuget", "{3467BB85-5076-413E-BAB3-CE07B01D0222}"
	ProjectSection(SolutionItems) = preProject
		.nuget\packages.config = .nuget\packages.config
	EndProjectSection
EndProject
Project("{FAE04EC0-301F-11D3-BF4B-00C04F79EFBC}") = "Eshop.IntegrationTests", "Eshop.IntegrationTests\Eshop.IntegrationTests.csproj", "{ABBAD3A8-4B9B-4795-80E5-7FB9F8DF9A37}"
EndProject
Project("{FAE04EC0-301F-11D3-BF4B-00C04F79EFBC}") = "Eshop.Infrastructure", "Eshop.Infrastructure\Eshop.Infrastructure.csproj", "{06FF8D86-972D-42B5-B21A-3BBB3259AA5C}"
EndProject
Project("{FAE04EC0-301F-11D3-BF4B-00C04F79EFBC}") = "Eshop.DatabaseGenerator", "Eshop.DatabaseGenerator\Eshop.DatabaseGenerator.csproj", "{13E0CA76-313C-49BC-A4A4-AA2C112C9178}"
EndProject
Project("{FAE04EC0-301F-11D3-BF4B-00C04F79EFBC}") = "Eshop.Commands", "Eshop.Commands\Eshop.Commands.csproj", "{7741E7CF-D604-479A-8A88-D44F3945170F}"
EndProject
Project("{FAE04EC0-301F-11D3-BF4B-00C04F79EFBC}") = "Eshop.Queries", "Eshop.Queries\Eshop.Queries.csproj", "{C9DC0C78-6CF7-4F49-A408-82C8495D000F}"
EndProject
Project("{FAE04EC0-301F-11D3-BF4B-00C04F79EFBC}") = "Eshop.Dtos", "Eshop.Dtos\Eshop.Dtos.csproj", "{30936409-FE41-4AFC-BD33-643E428CA05E}"
EndProject
Project("{FAE04EC0-301F-11D3-BF4B-00C04F79EFBC}") = "CoreWebApiClient", "CoreWebApiClient\CoreWebApiClient.csproj", "{55E30B6D-3854-4A50-8820-1D14CC9AE339}"
EndProject
Project("{FAE04EC0-301F-11D3-BF4B-00C04F79EFBC}") = "CoreWebApiClient.Generator", "CoreWebApiClient.Generator\CoreWebApiClient.Generator.csproj", "{55125C74-6B9C-4186-B088-8C4C4258D937}"
EndProject
Project("{FAE04EC0-301F-11D3-BF4B-00C04F79EFBC}") = "Eshop.WpfMvvmApp", "Eshop.WpfMvvmApp\Eshop.WpfMvvmApp.csproj", "{1215BFF9-7ABB-487B-A7D9-3E9533700621}"
EndProject
Project("{FAE04EC0-301F-11D3-BF4B-00C04F79EFBC}") = "CoreMvvm", "CoreMvvm\CoreMvvm.csproj", "{876D3FEF-C834-4AE6-BEF4-5D952801C047}"
EndProject
Project("{FAE04EC0-301F-11D3-BF4B-00C04F79EFBC}") = "CoreWebApiClient.TestControllers", "CoreWebApiClient.TestControllers\CoreWebApiClient.TestControllers.csproj", "{628CADCA-1F35-4F79-9B39-1AFE88E8AADE}"
	ProjectSection(ProjectDependencies) = postProject
		{55125C74-6B9C-4186-B088-8C4C4258D937} = {55125C74-6B9C-4186-B088-8C4C4258D937}
	EndProjectSection
EndProject
Project("{FAE04EC0-301F-11D3-BF4B-00C04F79EFBC}") = "CoreWebApiClient.Tests", "CoreWebApiClient.Tests\CoreWebApiClient.Tests.csproj", "{67CC2AFA-E855-461E-9911-BEE64C253F1A}"
EndProject
Project("{2150E333-8FDC-42A3-9474-1A3956D46DE8}") = "CoreWebApiClients", "CoreWebApiClients", "{121090D5-280D-4FE3-979C-B2D705EBDA64}"
EndProject
Project("{FAE04EC0-301F-11D3-BF4B-00C04F79EFBC}") = "Eshop.Domain.UnitTests", "Eshop.Domain.UnitTests\Eshop.Domain.UnitTests.csproj", "{4E68D143-9F3F-4857-952D-BAD6C5C3F308}"
EndProject
Project("{FAE04EC0-301F-11D3-BF4B-00C04F79EFBC}") = "Eshop.Commands.UnitTests", "Eshop.Commands.UnitTests\Eshop.Commands.UnitTests.csproj", "{F4669610-BF66-4C73-A00F-1AC015B69714}"
EndProject
Project("{2150E333-8FDC-42A3-9474-1A3956D46DE8}") = "Tests", "Tests", "{2DCBE07D-7286-4E3A-BC59-532626A5F063}"
EndProject
Project("{FAE04EC0-301F-11D3-BF4B-00C04F79EFBC}") = "CoreMvvm.UnitTests", "CoreMvvm.UnitTests\CoreMvvm.UnitTests.csproj", "{D8F7DCC6-47CF-4CE1-B4D2-32E33F420A0D}"
EndProject
Project("{FAE04EC0-301F-11D3-BF4B-00C04F79EFBC}") = "CoreWebApi", "CoreWebApi\CoreWebApi.csproj", "{35918F1A-66F0-47E9-8720-2D2399C5A556}"
EndProject
Project("{FAE04EC0-301F-11D3-BF4B-00C04F79EFBC}") = "Eshop.WebApi", "Eshop.WebApi\Eshop.WebApi.csproj", "{94AA1AE8-9B91-4F98-95EE-F00EE1FAB4E9}"
	ProjectSection(ProjectDependencies) = postProject
		{55125C74-6B9C-4186-B088-8C4C4258D937} = {55125C74-6B9C-4186-B088-8C4C4258D937}
	EndProjectSection
EndProject
Project("{FAE04EC0-301F-11D3-BF4B-00C04F79EFBC}") = "Eshop.WebApi.UnitTests", "Eshop.WebApi.UnitTests\Eshop.WebApi.UnitTests.csproj", "{7E33C348-3CB7-489A-AEE7-3B9C1A87F5D4}"
EndProject
Project("{FAE04EC0-301F-11D3-BF4B-00C04F79EFBC}") = "Eshop.WpfMvvmApp.UnitTests", "Eshop.WpfMvvmApp.UnitTests\Eshop.WpfMvvmApp.UnitTests.csproj", "{5C5460DA-7695-4F25-B571-92618A2FE21C}"
EndProject
Global
	GlobalSection(SolutionConfigurationPlatforms) = preSolution
		Debug|Any CPU = Debug|Any CPU
		Debug|Mixed Platforms = Debug|Mixed Platforms
		Debug|x86 = Debug|x86
		Release|Any CPU = Release|Any CPU
		Release|Mixed Platforms = Release|Mixed Platforms
		Release|x86 = Release|x86
	EndGlobalSection
	GlobalSection(ProjectConfigurationPlatforms) = postSolution
		{BB2A7F85-EBB7-4143-AF9A-E90C48CB5D28}.Debug|Any CPU.ActiveCfg = Debug|Any CPU
		{BB2A7F85-EBB7-4143-AF9A-E90C48CB5D28}.Debug|Any CPU.Build.0 = Debug|Any CPU
		{BB2A7F85-EBB7-4143-AF9A-E90C48CB5D28}.Debug|Mixed Platforms.ActiveCfg = Debug|Any CPU
		{BB2A7F85-EBB7-4143-AF9A-E90C48CB5D28}.Debug|Mixed Platforms.Build.0 = Debug|Any CPU
		{BB2A7F85-EBB7-4143-AF9A-E90C48CB5D28}.Debug|x86.ActiveCfg = Debug|Any CPU
		{BB2A7F85-EBB7-4143-AF9A-E90C48CB5D28}.Release|Any CPU.ActiveCfg = Release|Any CPU
		{BB2A7F85-EBB7-4143-AF9A-E90C48CB5D28}.Release|Any CPU.Build.0 = Release|Any CPU
		{BB2A7F85-EBB7-4143-AF9A-E90C48CB5D28}.Release|Mixed Platforms.ActiveCfg = Release|Any CPU
		{BB2A7F85-EBB7-4143-AF9A-E90C48CB5D28}.Release|Mixed Platforms.Build.0 = Release|Any CPU
		{BB2A7F85-EBB7-4143-AF9A-E90C48CB5D28}.Release|x86.ActiveCfg = Release|Any CPU
		{ABBAD3A8-4B9B-4795-80E5-7FB9F8DF9A37}.Debug|Any CPU.ActiveCfg = Debug|Any CPU
		{ABBAD3A8-4B9B-4795-80E5-7FB9F8DF9A37}.Debug|Any CPU.Build.0 = Debug|Any CPU
		{ABBAD3A8-4B9B-4795-80E5-7FB9F8DF9A37}.Debug|Mixed Platforms.ActiveCfg = Debug|Any CPU
		{ABBAD3A8-4B9B-4795-80E5-7FB9F8DF9A37}.Debug|Mixed Platforms.Build.0 = Debug|Any CPU
		{ABBAD3A8-4B9B-4795-80E5-7FB9F8DF9A37}.Debug|x86.ActiveCfg = Debug|Any CPU
		{ABBAD3A8-4B9B-4795-80E5-7FB9F8DF9A37}.Release|Any CPU.ActiveCfg = Release|Any CPU
		{ABBAD3A8-4B9B-4795-80E5-7FB9F8DF9A37}.Release|Any CPU.Build.0 = Release|Any CPU
		{ABBAD3A8-4B9B-4795-80E5-7FB9F8DF9A37}.Release|Mixed Platforms.ActiveCfg = Release|Any CPU
		{ABBAD3A8-4B9B-4795-80E5-7FB9F8DF9A37}.Release|Mixed Platforms.Build.0 = Release|Any CPU
		{ABBAD3A8-4B9B-4795-80E5-7FB9F8DF9A37}.Release|x86.ActiveCfg = Release|Any CPU
		{06FF8D86-972D-42B5-B21A-3BBB3259AA5C}.Debug|Any CPU.ActiveCfg = Debug|Any CPU
		{06FF8D86-972D-42B5-B21A-3BBB3259AA5C}.Debug|Any CPU.Build.0 = Debug|Any CPU
		{06FF8D86-972D-42B5-B21A-3BBB3259AA5C}.Debug|Mixed Platforms.ActiveCfg = Debug|Any CPU
		{06FF8D86-972D-42B5-B21A-3BBB3259AA5C}.Debug|Mixed Platforms.Build.0 = Debug|Any CPU
		{06FF8D86-972D-42B5-B21A-3BBB3259AA5C}.Debug|x86.ActiveCfg = Debug|Any CPU
		{06FF8D86-972D-42B5-B21A-3BBB3259AA5C}.Release|Any CPU.ActiveCfg = Release|Any CPU
		{06FF8D86-972D-42B5-B21A-3BBB3259AA5C}.Release|Any CPU.Build.0 = Release|Any CPU
		{06FF8D86-972D-42B5-B21A-3BBB3259AA5C}.Release|Mixed Platforms.ActiveCfg = Release|Any CPU
		{06FF8D86-972D-42B5-B21A-3BBB3259AA5C}.Release|Mixed Platforms.Build.0 = Release|Any CPU
		{06FF8D86-972D-42B5-B21A-3BBB3259AA5C}.Release|x86.ActiveCfg = Release|Any CPU
		{13E0CA76-313C-49BC-A4A4-AA2C112C9178}.Debug|Any CPU.ActiveCfg = Debug|x86
		{13E0CA76-313C-49BC-A4A4-AA2C112C9178}.Debug|Mixed Platforms.ActiveCfg = Debug|x86
		{13E0CA76-313C-49BC-A4A4-AA2C112C9178}.Debug|Mixed Platforms.Build.0 = Debug|x86
		{13E0CA76-313C-49BC-A4A4-AA2C112C9178}.Debug|x86.ActiveCfg = Debug|x86
		{13E0CA76-313C-49BC-A4A4-AA2C112C9178}.Debug|x86.Build.0 = Debug|x86
		{13E0CA76-313C-49BC-A4A4-AA2C112C9178}.Release|Any CPU.ActiveCfg = Release|x86
		{13E0CA76-313C-49BC-A4A4-AA2C112C9178}.Release|Mixed Platforms.ActiveCfg = Release|x86
		{13E0CA76-313C-49BC-A4A4-AA2C112C9178}.Release|Mixed Platforms.Build.0 = Release|x86
		{13E0CA76-313C-49BC-A4A4-AA2C112C9178}.Release|x86.ActiveCfg = Release|x86
		{13E0CA76-313C-49BC-A4A4-AA2C112C9178}.Release|x86.Build.0 = Release|x86
		{7741E7CF-D604-479A-8A88-D44F3945170F}.Debug|Any CPU.ActiveCfg = Debug|Any CPU
		{7741E7CF-D604-479A-8A88-D44F3945170F}.Debug|Any CPU.Build.0 = Debug|Any CPU
		{7741E7CF-D604-479A-8A88-D44F3945170F}.Debug|Mixed Platforms.ActiveCfg = Debug|Any CPU
		{7741E7CF-D604-479A-8A88-D44F3945170F}.Debug|Mixed Platforms.Build.0 = Debug|Any CPU
		{7741E7CF-D604-479A-8A88-D44F3945170F}.Debug|x86.ActiveCfg = Debug|Any CPU
		{7741E7CF-D604-479A-8A88-D44F3945170F}.Release|Any CPU.ActiveCfg = Release|Any CPU
		{7741E7CF-D604-479A-8A88-D44F3945170F}.Release|Any CPU.Build.0 = Release|Any CPU
		{7741E7CF-D604-479A-8A88-D44F3945170F}.Release|Mixed Platforms.ActiveCfg = Release|Any CPU
		{7741E7CF-D604-479A-8A88-D44F3945170F}.Release|Mixed Platforms.Build.0 = Release|Any CPU
		{7741E7CF-D604-479A-8A88-D44F3945170F}.Release|x86.ActiveCfg = Release|Any CPU
		{C9DC0C78-6CF7-4F49-A408-82C8495D000F}.Debug|Any CPU.ActiveCfg = Debug|Any CPU
		{C9DC0C78-6CF7-4F49-A408-82C8495D000F}.Debug|Any CPU.Build.0 = Debug|Any CPU
		{C9DC0C78-6CF7-4F49-A408-82C8495D000F}.Debug|Mixed Platforms.ActiveCfg = Debug|Any CPU
		{C9DC0C78-6CF7-4F49-A408-82C8495D000F}.Debug|Mixed Platforms.Build.0 = Debug|Any CPU
		{C9DC0C78-6CF7-4F49-A408-82C8495D000F}.Debug|x86.ActiveCfg = Debug|Any CPU
		{C9DC0C78-6CF7-4F49-A408-82C8495D000F}.Release|Any CPU.ActiveCfg = Release|Any CPU
		{C9DC0C78-6CF7-4F49-A408-82C8495D000F}.Release|Any CPU.Build.0 = Release|Any CPU
		{C9DC0C78-6CF7-4F49-A408-82C8495D000F}.Release|Mixed Platforms.ActiveCfg = Release|Any CPU
		{C9DC0C78-6CF7-4F49-A408-82C8495D000F}.Release|Mixed Platforms.Build.0 = Release|Any CPU
		{C9DC0C78-6CF7-4F49-A408-82C8495D000F}.Release|x86.ActiveCfg = Release|Any CPU
		{30936409-FE41-4AFC-BD33-643E428CA05E}.Debug|Any CPU.ActiveCfg = Debug|Any CPU
		{30936409-FE41-4AFC-BD33-643E428CA05E}.Debug|Any CPU.Build.0 = Debug|Any CPU
		{30936409-FE41-4AFC-BD33-643E428CA05E}.Debug|Mixed Platforms.ActiveCfg = Debug|Any CPU
		{30936409-FE41-4AFC-BD33-643E428CA05E}.Debug|Mixed Platforms.Build.0 = Debug|Any CPU
		{30936409-FE41-4AFC-BD33-643E428CA05E}.Debug|x86.ActiveCfg = Debug|Any CPU
		{30936409-FE41-4AFC-BD33-643E428CA05E}.Release|Any CPU.ActiveCfg = Release|Any CPU
		{30936409-FE41-4AFC-BD33-643E428CA05E}.Release|Any CPU.Build.0 = Release|Any CPU
		{30936409-FE41-4AFC-BD33-643E428CA05E}.Release|Mixed Platforms.ActiveCfg = Release|Any CPU
		{30936409-FE41-4AFC-BD33-643E428CA05E}.Release|Mixed Platforms.Build.0 = Release|Any CPU
		{30936409-FE41-4AFC-BD33-643E428CA05E}.Release|x86.ActiveCfg = Release|Any CPU
		{55E30B6D-3854-4A50-8820-1D14CC9AE339}.Debug|Any CPU.ActiveCfg = Debug|Any CPU
		{55E30B6D-3854-4A50-8820-1D14CC9AE339}.Debug|Any CPU.Build.0 = Debug|Any CPU
		{55E30B6D-3854-4A50-8820-1D14CC9AE339}.Debug|Mixed Platforms.ActiveCfg = Debug|Any CPU
		{55E30B6D-3854-4A50-8820-1D14CC9AE339}.Debug|Mixed Platforms.Build.0 = Debug|Any CPU
		{55E30B6D-3854-4A50-8820-1D14CC9AE339}.Debug|x86.ActiveCfg = Debug|Any CPU
		{55E30B6D-3854-4A50-8820-1D14CC9AE339}.Release|Any CPU.ActiveCfg = Release|Any CPU
		{55E30B6D-3854-4A50-8820-1D14CC9AE339}.Release|Any CPU.Build.0 = Release|Any CPU
		{55E30B6D-3854-4A50-8820-1D14CC9AE339}.Release|Mixed Platforms.ActiveCfg = Release|Any CPU
		{55E30B6D-3854-4A50-8820-1D14CC9AE339}.Release|Mixed Platforms.Build.0 = Release|Any CPU
		{55E30B6D-3854-4A50-8820-1D14CC9AE339}.Release|x86.ActiveCfg = Release|Any CPU
		{55125C74-6B9C-4186-B088-8C4C4258D937}.Debug|Any CPU.ActiveCfg = Debug|Any CPU
		{55125C74-6B9C-4186-B088-8C4C4258D937}.Debug|Any CPU.Build.0 = Debug|Any CPU
		{55125C74-6B9C-4186-B088-8C4C4258D937}.Debug|Mixed Platforms.ActiveCfg = Debug|Any CPU
		{55125C74-6B9C-4186-B088-8C4C4258D937}.Debug|Mixed Platforms.Build.0 = Debug|Any CPU
		{55125C74-6B9C-4186-B088-8C4C4258D937}.Debug|x86.ActiveCfg = Debug|Any CPU
		{55125C74-6B9C-4186-B088-8C4C4258D937}.Release|Any CPU.ActiveCfg = Release|Any CPU
		{55125C74-6B9C-4186-B088-8C4C4258D937}.Release|Any CPU.Build.0 = Release|Any CPU
		{55125C74-6B9C-4186-B088-8C4C4258D937}.Release|Mixed Platforms.ActiveCfg = Release|Any CPU
		{55125C74-6B9C-4186-B088-8C4C4258D937}.Release|Mixed Platforms.Build.0 = Release|Any CPU
		{55125C74-6B9C-4186-B088-8C4C4258D937}.Release|x86.ActiveCfg = Release|Any CPU
		{1215BFF9-7ABB-487B-A7D9-3E9533700621}.Debug|Any CPU.ActiveCfg = Debug|Any CPU
		{1215BFF9-7ABB-487B-A7D9-3E9533700621}.Debug|Any CPU.Build.0 = Debug|Any CPU
		{1215BFF9-7ABB-487B-A7D9-3E9533700621}.Debug|Mixed Platforms.ActiveCfg = Debug|Any CPU
		{1215BFF9-7ABB-487B-A7D9-3E9533700621}.Debug|Mixed Platforms.Build.0 = Debug|Any CPU
		{1215BFF9-7ABB-487B-A7D9-3E9533700621}.Debug|x86.ActiveCfg = Debug|Any CPU
		{1215BFF9-7ABB-487B-A7D9-3E9533700621}.Release|Any CPU.ActiveCfg = Release|Any CPU
		{1215BFF9-7ABB-487B-A7D9-3E9533700621}.Release|Any CPU.Build.0 = Release|Any CPU
		{1215BFF9-7ABB-487B-A7D9-3E9533700621}.Release|Mixed Platforms.ActiveCfg = Release|Any CPU
		{1215BFF9-7ABB-487B-A7D9-3E9533700621}.Release|Mixed Platforms.Build.0 = Release|Any CPU
		{1215BFF9-7ABB-487B-A7D9-3E9533700621}.Release|x86.ActiveCfg = Release|Any CPU
		{876D3FEF-C834-4AE6-BEF4-5D952801C047}.Debug|Any CPU.ActiveCfg = Debug|Any CPU
		{876D3FEF-C834-4AE6-BEF4-5D952801C047}.Debug|Any CPU.Build.0 = Debug|Any CPU
		{876D3FEF-C834-4AE6-BEF4-5D952801C047}.Debug|Mixed Platforms.ActiveCfg = Debug|Any CPU
		{876D3FEF-C834-4AE6-BEF4-5D952801C047}.Debug|Mixed Platforms.Build.0 = Debug|Any CPU
		{876D3FEF-C834-4AE6-BEF4-5D952801C047}.Debug|x86.ActiveCfg = Debug|Any CPU
		{876D3FEF-C834-4AE6-BEF4-5D952801C047}.Release|Any CPU.ActiveCfg = Release|Any CPU
		{876D3FEF-C834-4AE6-BEF4-5D952801C047}.Release|Any CPU.Build.0 = Release|Any CPU
		{876D3FEF-C834-4AE6-BEF4-5D952801C047}.Release|Mixed Platforms.ActiveCfg = Release|Any CPU
		{876D3FEF-C834-4AE6-BEF4-5D952801C047}.Release|Mixed Platforms.Build.0 = Release|Any CPU
		{876D3FEF-C834-4AE6-BEF4-5D952801C047}.Release|x86.ActiveCfg = Release|Any CPU
		{628CADCA-1F35-4F79-9B39-1AFE88E8AADE}.Debug|Any CPU.ActiveCfg = Debug|Any CPU
		{628CADCA-1F35-4F79-9B39-1AFE88E8AADE}.Debug|Any CPU.Build.0 = Debug|Any CPU
		{628CADCA-1F35-4F79-9B39-1AFE88E8AADE}.Debug|Mixed Platforms.ActiveCfg = Debug|Any CPU
		{628CADCA-1F35-4F79-9B39-1AFE88E8AADE}.Debug|Mixed Platforms.Build.0 = Debug|Any CPU
		{628CADCA-1F35-4F79-9B39-1AFE88E8AADE}.Debug|x86.ActiveCfg = Debug|Any CPU
		{628CADCA-1F35-4F79-9B39-1AFE88E8AADE}.Release|Any CPU.ActiveCfg = Release|Any CPU
		{628CADCA-1F35-4F79-9B39-1AFE88E8AADE}.Release|Any CPU.Build.0 = Release|Any CPU
		{628CADCA-1F35-4F79-9B39-1AFE88E8AADE}.Release|Mixed Platforms.ActiveCfg = Release|Any CPU
		{628CADCA-1F35-4F79-9B39-1AFE88E8AADE}.Release|Mixed Platforms.Build.0 = Release|Any CPU
		{628CADCA-1F35-4F79-9B39-1AFE88E8AADE}.Release|x86.ActiveCfg = Release|Any CPU
		{67CC2AFA-E855-461E-9911-BEE64C253F1A}.Debug|Any CPU.ActiveCfg = Debug|Any CPU
		{67CC2AFA-E855-461E-9911-BEE64C253F1A}.Debug|Any CPU.Build.0 = Debug|Any CPU
		{67CC2AFA-E855-461E-9911-BEE64C253F1A}.Debug|Mixed Platforms.ActiveCfg = Debug|Any CPU
		{67CC2AFA-E855-461E-9911-BEE64C253F1A}.Debug|Mixed Platforms.Build.0 = Debug|Any CPU
		{67CC2AFA-E855-461E-9911-BEE64C253F1A}.Debug|x86.ActiveCfg = Debug|Any CPU
		{67CC2AFA-E855-461E-9911-BEE64C253F1A}.Release|Any CPU.ActiveCfg = Release|Any CPU
		{67CC2AFA-E855-461E-9911-BEE64C253F1A}.Release|Any CPU.Build.0 = Release|Any CPU
		{67CC2AFA-E855-461E-9911-BEE64C253F1A}.Release|Mixed Platforms.ActiveCfg = Release|Any CPU
		{67CC2AFA-E855-461E-9911-BEE64C253F1A}.Release|Mixed Platforms.Build.0 = Release|Any CPU
		{67CC2AFA-E855-461E-9911-BEE64C253F1A}.Release|x86.ActiveCfg = Release|Any CPU
		{4E68D143-9F3F-4857-952D-BAD6C5C3F308}.Debug|Any CPU.ActiveCfg = Debug|Any CPU
		{4E68D143-9F3F-4857-952D-BAD6C5C3F308}.Debug|Any CPU.Build.0 = Debug|Any CPU
		{4E68D143-9F3F-4857-952D-BAD6C5C3F308}.Debug|Mixed Platforms.ActiveCfg = Debug|Any CPU
		{4E68D143-9F3F-4857-952D-BAD6C5C3F308}.Debug|Mixed Platforms.Build.0 = Debug|Any CPU
		{4E68D143-9F3F-4857-952D-BAD6C5C3F308}.Debug|x86.ActiveCfg = Debug|Any CPU
		{4E68D143-9F3F-4857-952D-BAD6C5C3F308}.Release|Any CPU.ActiveCfg = Release|Any CPU
		{4E68D143-9F3F-4857-952D-BAD6C5C3F308}.Release|Any CPU.Build.0 = Release|Any CPU
		{4E68D143-9F3F-4857-952D-BAD6C5C3F308}.Release|Mixed Platforms.ActiveCfg = Release|Any CPU
		{4E68D143-9F3F-4857-952D-BAD6C5C3F308}.Release|Mixed Platforms.Build.0 = Release|Any CPU
		{4E68D143-9F3F-4857-952D-BAD6C5C3F308}.Release|x86.ActiveCfg = Release|Any CPU
		{F4669610-BF66-4C73-A00F-1AC015B69714}.Debug|Any CPU.ActiveCfg = Debug|Any CPU
		{F4669610-BF66-4C73-A00F-1AC015B69714}.Debug|Any CPU.Build.0 = Debug|Any CPU
		{F4669610-BF66-4C73-A00F-1AC015B69714}.Debug|Mixed Platforms.ActiveCfg = Debug|Any CPU
		{F4669610-BF66-4C73-A00F-1AC015B69714}.Debug|Mixed Platforms.Build.0 = Debug|Any CPU
		{F4669610-BF66-4C73-A00F-1AC015B69714}.Debug|x86.ActiveCfg = Debug|Any CPU
		{F4669610-BF66-4C73-A00F-1AC015B69714}.Release|Any CPU.ActiveCfg = Release|Any CPU
		{F4669610-BF66-4C73-A00F-1AC015B69714}.Release|Any CPU.Build.0 = Release|Any CPU
		{F4669610-BF66-4C73-A00F-1AC015B69714}.Release|Mixed Platforms.ActiveCfg = Release|Any CPU
		{F4669610-BF66-4C73-A00F-1AC015B69714}.Release|Mixed Platforms.Build.0 = Release|Any CPU
		{F4669610-BF66-4C73-A00F-1AC015B69714}.Release|x86.ActiveCfg = Release|Any CPU
		{D8F7DCC6-47CF-4CE1-B4D2-32E33F420A0D}.Debug|Any CPU.ActiveCfg = Debug|Any CPU
		{D8F7DCC6-47CF-4CE1-B4D2-32E33F420A0D}.Debug|Any CPU.Build.0 = Debug|Any CPU
		{D8F7DCC6-47CF-4CE1-B4D2-32E33F420A0D}.Debug|Mixed Platforms.ActiveCfg = Debug|Any CPU
		{D8F7DCC6-47CF-4CE1-B4D2-32E33F420A0D}.Debug|Mixed Platforms.Build.0 = Debug|Any CPU
		{D8F7DCC6-47CF-4CE1-B4D2-32E33F420A0D}.Debug|x86.ActiveCfg = Debug|Any CPU
		{D8F7DCC6-47CF-4CE1-B4D2-32E33F420A0D}.Release|Any CPU.ActiveCfg = Release|Any CPU
		{D8F7DCC6-47CF-4CE1-B4D2-32E33F420A0D}.Release|Any CPU.Build.0 = Release|Any CPU
		{D8F7DCC6-47CF-4CE1-B4D2-32E33F420A0D}.Release|Mixed Platforms.ActiveCfg = Release|Any CPU
		{D8F7DCC6-47CF-4CE1-B4D2-32E33F420A0D}.Release|Mixed Platforms.Build.0 = Release|Any CPU
		{D8F7DCC6-47CF-4CE1-B4D2-32E33F420A0D}.Release|x86.ActiveCfg = Release|Any CPU
		{35918F1A-66F0-47E9-8720-2D2399C5A556}.Debug|Any CPU.ActiveCfg = Debug|Any CPU
		{35918F1A-66F0-47E9-8720-2D2399C5A556}.Debug|Any CPU.Build.0 = Debug|Any CPU
		{35918F1A-66F0-47E9-8720-2D2399C5A556}.Debug|Mixed Platforms.ActiveCfg = Debug|Any CPU
		{35918F1A-66F0-47E9-8720-2D2399C5A556}.Debug|Mixed Platforms.Build.0 = Debug|Any CPU
		{35918F1A-66F0-47E9-8720-2D2399C5A556}.Debug|x86.ActiveCfg = Debug|Any CPU
		{35918F1A-66F0-47E9-8720-2D2399C5A556}.Release|Any CPU.ActiveCfg = Release|Any CPU
		{35918F1A-66F0-47E9-8720-2D2399C5A556}.Release|Any CPU.Build.0 = Release|Any CPU
		{35918F1A-66F0-47E9-8720-2D2399C5A556}.Release|Mixed Platforms.ActiveCfg = Release|Any CPU
		{35918F1A-66F0-47E9-8720-2D2399C5A556}.Release|Mixed Platforms.Build.0 = Release|Any CPU
		{35918F1A-66F0-47E9-8720-2D2399C5A556}.Release|x86.ActiveCfg = Release|Any CPU
		{94AA1AE8-9B91-4F98-95EE-F00EE1FAB4E9}.Debug|Any CPU.ActiveCfg = Debug|Any CPU
		{94AA1AE8-9B91-4F98-95EE-F00EE1FAB4E9}.Debug|Any CPU.Build.0 = Debug|Any CPU
		{94AA1AE8-9B91-4F98-95EE-F00EE1FAB4E9}.Debug|Mixed Platforms.ActiveCfg = Debug|Any CPU
		{94AA1AE8-9B91-4F98-95EE-F00EE1FAB4E9}.Debug|Mixed Platforms.Build.0 = Debug|Any CPU
		{94AA1AE8-9B91-4F98-95EE-F00EE1FAB4E9}.Debug|x86.ActiveCfg = Debug|Any CPU
		{94AA1AE8-9B91-4F98-95EE-F00EE1FAB4E9}.Release|Any CPU.ActiveCfg = Release|Any CPU
		{94AA1AE8-9B91-4F98-95EE-F00EE1FAB4E9}.Release|Any CPU.Build.0 = Release|Any CPU
		{94AA1AE8-9B91-4F98-95EE-F00EE1FAB4E9}.Release|Mixed Platforms.ActiveCfg = Release|Any CPU
		{94AA1AE8-9B91-4F98-95EE-F00EE1FAB4E9}.Release|Mixed Platforms.Build.0 = Release|Any CPU
		{94AA1AE8-9B91-4F98-95EE-F00EE1FAB4E9}.Release|x86.ActiveCfg = Release|Any CPU
		{7E33C348-3CB7-489A-AEE7-3B9C1A87F5D4}.Debug|Any CPU.ActiveCfg = Debug|Any CPU
		{7E33C348-3CB7-489A-AEE7-3B9C1A87F5D4}.Debug|Any CPU.Build.0 = Debug|Any CPU
		{7E33C348-3CB7-489A-AEE7-3B9C1A87F5D4}.Debug|Mixed Platforms.ActiveCfg = Debug|Any CPU
		{7E33C348-3CB7-489A-AEE7-3B9C1A87F5D4}.Debug|Mixed Platforms.Build.0 = Debug|Any CPU
		{7E33C348-3CB7-489A-AEE7-3B9C1A87F5D4}.Debug|x86.ActiveCfg = Debug|Any CPU
		{7E33C348-3CB7-489A-AEE7-3B9C1A87F5D4}.Release|Any CPU.ActiveCfg = Release|Any CPU
		{7E33C348-3CB7-489A-AEE7-3B9C1A87F5D4}.Release|Any CPU.Build.0 = Release|Any CPU
		{7E33C348-3CB7-489A-AEE7-3B9C1A87F5D4}.Release|Mixed Platforms.ActiveCfg = Release|Any CPU
		{7E33C348-3CB7-489A-AEE7-3B9C1A87F5D4}.Release|Mixed Platforms.Build.0 = Release|Any CPU
		{7E33C348-3CB7-489A-AEE7-3B9C1A87F5D4}.Release|x86.ActiveCfg = Release|Any CPU
		{5C5460DA-7695-4F25-B571-92618A2FE21C}.Debug|Any CPU.ActiveCfg = Debug|Any CPU
		{5C5460DA-7695-4F25-B571-92618A2FE21C}.Debug|Any CPU.Build.0 = Debug|Any CPU
		{5C5460DA-7695-4F25-B571-92618A2FE21C}.Debug|Mixed Platforms.ActiveCfg = Debug|Any CPU
		{5C5460DA-7695-4F25-B571-92618A2FE21C}.Debug|Mixed Platforms.Build.0 = Debug|Any CPU
		{5C5460DA-7695-4F25-B571-92618A2FE21C}.Debug|x86.ActiveCfg = Debug|Any CPU
		{5C5460DA-7695-4F25-B571-92618A2FE21C}.Release|Any CPU.ActiveCfg = Release|Any CPU
		{5C5460DA-7695-4F25-B571-92618A2FE21C}.Release|Any CPU.Build.0 = Release|Any CPU
		{5C5460DA-7695-4F25-B571-92618A2FE21C}.Release|Mixed Platforms.ActiveCfg = Release|Any CPU
		{5C5460DA-7695-4F25-B571-92618A2FE21C}.Release|Mixed Platforms.Build.0 = Release|Any CPU
		{5C5460DA-7695-4F25-B571-92618A2FE21C}.Release|x86.ActiveCfg = Release|Any CPU
	EndGlobalSection
	GlobalSection(SolutionProperties) = preSolution
		HideSolutionNode = FALSE
	EndGlobalSection
	GlobalSection(NestedProjects) = preSolution
		{4E68D143-9F3F-4857-952D-BAD6C5C3F308} = {2DCBE07D-7286-4E3A-BC59-532626A5F063}
		{F4669610-BF66-4C73-A00F-1AC015B69714} = {2DCBE07D-7286-4E3A-BC59-532626A5F063}
		{ABBAD3A8-4B9B-4795-80E5-7FB9F8DF9A37} = {2DCBE07D-7286-4E3A-BC59-532626A5F063}
		{D8F7DCC6-47CF-4CE1-B4D2-32E33F420A0D} = {2DCBE07D-7286-4E3A-BC59-532626A5F063}
		{7E33C348-3CB7-489A-AEE7-3B9C1A87F5D4} = {2DCBE07D-7286-4E3A-BC59-532626A5F063}
		{5C5460DA-7695-4F25-B571-92618A2FE21C} = {2DCBE07D-7286-4E3A-BC59-532626A5F063}
		{55125C74-6B9C-4186-B088-8C4C4258D937} = {121090D5-280D-4FE3-979C-B2D705EBDA64}
		{628CADCA-1F35-4F79-9B39-1AFE88E8AADE} = {121090D5-280D-4FE3-979C-B2D705EBDA64}
		{67CC2AFA-E855-461E-9911-BEE64C253F1A} = {121090D5-280D-4FE3-979C-B2D705EBDA64}
		{55E30B6D-3854-4A50-8820-1D14CC9AE339} = {121090D5-280D-4FE3-979C-B2D705EBDA64}
	EndGlobalSection
EndGlobal
